
Microsoft Visual Studio Solution File, Format Version 12.00
# Visual Studio Version 16
VisualStudioVersion = 16.0.29418.71
MinimumVisualStudioVersion = 10.0.40219.1
Project("{FAE04EC0-301F-11D3-BF4B-00C04F79EFBC}") = "Isoline", "Isoline\Isoline.csproj", "{891A0671-A6DE-4551-B5F9-006D29A1F257}"
EndProject
Project("{FAE04EC0-301F-11D3-BF4B-00C04F79EFBC}") = "DataAccess", "DataAccess\DataAccess.csproj", "{DFE4B495-DDEA-4A56-8F41-964AC982F826}"
EndProject
Project("{FAE04EC0-301F-11D3-BF4B-00C04F79EFBC}") = "UI", "UI\UI.csproj", "{17061D6A-7CDA-4AE3-83EE-D48FEC4A6A1B}"
EndProject
Global
	GlobalSection(SolutionConfigurationPlatforms) = preSolution
		Debug|Any CPU = Debug|Any CPU
		Release|Any CPU = Release|Any CPU
	EndGlobalSection
	GlobalSection(ProjectConfigurationPlatforms) = postSolution
		{891A0671-A6DE-4551-B5F9-006D29A1F257}.Debug|Any CPU.ActiveCfg = Debug|Any CPU
		{891A0671-A6DE-4551-B5F9-006D29A1F257}.Debug|Any CPU.Build.0 = Debug|Any CPU
		{891A0671-A6DE-4551-B5F9-006D29A1F257}.Release|Any CPU.ActiveCfg = Release|Any CPU
		{891A0671-A6DE-4551-B5F9-006D29A1F257}.Release|Any CPU.Build.0 = Release|Any CPU
		{DFE4B495-DDEA-4A56-8F41-964AC982F826}.Debug|Any CPU.ActiveCfg = Debug|Any CPU
		{DFE4B495-DDEA-4A56-8F41-964AC982F826}.Debug|Any CPU.Build.0 = Debug|Any CPU
		{DFE4B495-DDEA-4A56-8F41-964AC982F826}.Release|Any CPU.ActiveCfg = Release|Any CPU
		{DFE4B495-DDEA-4A56-8F41-964AC982F826}.Release|Any CPU.Build.0 = Release|Any CPU
		{17061D6A-7CDA-4AE3-83EE-D48FEC4A6A1B}.Debug|Any CPU.ActiveCfg = Debug|Any CPU
		{17061D6A-7CDA-4AE3-83EE-D48FEC4A6A1B}.Debug|Any CPU.Build.0 = Debug|Any CPU
		{17061D6A-7CDA-4AE3-83EE-D48FEC4A6A1B}.Release|Any CPU.ActiveCfg = Release|Any CPU
		{17061D6A-7CDA-4AE3-83EE-D48FEC4A6A1B}.Release|Any CPU.Build.0 = Release|Any CPU
	EndGlobalSection
	GlobalSection(SolutionProperties) = preSolution
		HideSolutionNode = FALSE
	EndGlobalSection
	GlobalSection(ExtensibilityGlobals) = postSolution
		SolutionGuid = {29F91675-AAFE-4C7C-AF79-F2B2190C9666}
	EndGlobalSection
EndGlobal
